// !$*UTF8*$!
{
	archiveVersion = 1;
	classes = {
	};
	objectVersion = 46;
	objects = {

/* Begin PBXBuildFile section */
		977C4D60194028A20030BE33 /* Foundation.framework in Frameworks */ = {isa = PBXBuildFile; fileRef = 977C4D5F194028A20030BE33 /* Foundation.framework */; };
		977C4D62194028A20030BE33 /* CoreGraphics.framework in Frameworks */ = {isa = PBXBuildFile; fileRef = 977C4D61194028A20030BE33 /* CoreGraphics.framework */; };
		977C4D64194028A20030BE33 /* UIKit.framework in Frameworks */ = {isa = PBXBuildFile; fileRef = 977C4D63194028A20030BE33 /* UIKit.framework */; };
		977C4D66194028A20030BE33 /* CoreData.framework in Frameworks */ = {isa = PBXBuildFile; fileRef = 977C4D65194028A20030BE33 /* CoreData.framework */; };
		977C4D6C194028A20030BE33 /* InfoPlist.strings in Resources */ = {isa = PBXBuildFile; fileRef = 977C4D6A194028A20030BE33 /* InfoPlist.strings */; };
		977C4D6E194028A20030BE33 /* main.m in Sources */ = {isa = PBXBuildFile; fileRef = 977C4D6D194028A20030BE33 /* main.m */; };
		977C4D72194028A20030BE33 /* AppDelegate.m in Sources */ = {isa = PBXBuildFile; fileRef = 977C4D71194028A20030BE33 /* AppDelegate.m */; };
		977C4D75194028A20030BE33 /* tipCalculator.xcdatamodeld in Sources */ = {isa = PBXBuildFile; fileRef = 977C4D73194028A20030BE33 /* tipCalculator.xcdatamodeld */; };
		977C4D77194028A20030BE33 /* Images.xcassets in Resources */ = {isa = PBXBuildFile; fileRef = 977C4D76194028A20030BE33 /* Images.xcassets */; };
		977C4D7E194028A20030BE33 /* XCTest.framework in Frameworks */ = {isa = PBXBuildFile; fileRef = 977C4D7D194028A20030BE33 /* XCTest.framework */; };
		977C4D7F194028A20030BE33 /* Foundation.framework in Frameworks */ = {isa = PBXBuildFile; fileRef = 977C4D5F194028A20030BE33 /* Foundation.framework */; };
		977C4D80194028A20030BE33 /* UIKit.framework in Frameworks */ = {isa = PBXBuildFile; fileRef = 977C4D63194028A20030BE33 /* UIKit.framework */; };
		977C4D81194028A30030BE33 /* CoreData.framework in Frameworks */ = {isa = PBXBuildFile; fileRef = 977C4D65194028A20030BE33 /* CoreData.framework */; };
		977C4D89194028A30030BE33 /* InfoPlist.strings in Resources */ = {isa = PBXBuildFile; fileRef = 977C4D87194028A30030BE33 /* InfoPlist.strings */; };
		977C4D8B194028A30030BE33 /* tipCalculatorTests.m in Sources */ = {isa = PBXBuildFile; fileRef = 977C4D8A194028A30030BE33 /* tipCalculatorTests.m */; };
		977C4D971940292C0030BE33 /* TipViewController.m in Sources */ = {isa = PBXBuildFile; fileRef = 977C4D951940292C0030BE33 /* TipViewController.m */; };
		977C4D981940292C0030BE33 /* TipViewController.xib in Resources */ = {isa = PBXBuildFile; fileRef = 977C4D961940292C0030BE33 /* TipViewController.xib */; };
		977C4D9C194039E00030BE33 /* SettingsViewController.m in Sources */ = {isa = PBXBuildFile; fileRef = 977C4D9A194039E00030BE33 /* SettingsViewController.m */; };
		977C4D9D194039E00030BE33 /* SettingsViewController.xib in Resources */ = {isa = PBXBuildFile; fileRef = 977C4D9B194039E00030BE33 /* SettingsViewController.xib */; };
/* End PBXBuildFile section */

/* Begin PBXContainerItemProxy section */
		977C4D82194028A30030BE33 /* PBXContainerItemProxy */ = {
			isa = PBXContainerItemProxy;
			containerPortal = 977C4D54194028A20030BE33 /* Project object */;
			proxyType = 1;
			remoteGlobalIDString = 977C4D5B194028A20030BE33;
			remoteInfo = tipCalculator;
		};
/* End PBXContainerItemProxy section */

/* Begin PBXFileReference section */
		977C4D5C194028A20030BE33 /* tipCalculator.app */ = {isa = PBXFileReference; explicitFileType = wrapper.application; includeInIndex = 0; path = tipCalculator.app; sourceTree = BUILT_PRODUCTS_DIR; };
		977C4D5F194028A20030BE33 /* Foundation.framework */ = {isa = PBXFileReference; lastKnownFileType = wrapper.framework; name = Foundation.framework; path = System/Library/Frameworks/Foundation.framework; sourceTree = SDKROOT; };
		977C4D61194028A20030BE33 /* CoreGraphics.framework */ = {isa = PBXFileReference; lastKnownFileType = wrapper.framework; name = CoreGraphics.framework; path = System/Library/Frameworks/CoreGraphics.framework; sourceTree = SDKROOT; };
		977C4D63194028A20030BE33 /* UIKit.framework */ = {isa = PBXFileReference; lastKnownFileType = wrapper.framework; name = UIKit.framework; path = System/Library/Frameworks/UIKit.framework; sourceTree = SDKROOT; };
		977C4D65194028A20030BE33 /* CoreData.framework */ = {isa = PBXFileReference; lastKnownFileType = wrapper.framework; name = CoreData.framework; path = System/Library/Frameworks/CoreData.framework; sourceTree = SDKROOT; };
		977C4D69194028A20030BE33 /* tipCalculator-Info.plist */ = {isa = PBXFileReference; lastKnownFileType = text.plist.xml; path = "tipCalculator-Info.plist"; sourceTree = "<group>"; };
		977C4D6B194028A20030BE33 /* en */ = {isa = PBXFileReference; lastKnownFileType = text.plist.strings; name = en; path = en.lproj/InfoPlist.strings; sourceTree = "<group>"; };
		977C4D6D194028A20030BE33 /* main.m */ = {isa = PBXFileReference; lastKnownFileType = sourcecode.c.objc; path = main.m; sourceTree = "<group>"; };
		977C4D6F194028A20030BE33 /* tipCalculator-Prefix.pch */ = {isa = PBXFileReference; lastKnownFileType = sourcecode.c.h; path = "tipCalculator-Prefix.pch"; sourceTree = "<group>"; };
		977C4D70194028A20030BE33 /* AppDelegate.h */ = {isa = PBXFileReference; lastKnownFileType = sourcecode.c.h; path = AppDelegate.h; sourceTree = "<group>"; };
		977C4D71194028A20030BE33 /* AppDelegate.m */ = {isa = PBXFileReference; lastKnownFileType = sourcecode.c.objc; path = AppDelegate.m; sourceTree = "<group>"; };
		977C4D74194028A20030BE33 /* tipCalculator.xcdatamodel */ = {isa = PBXFileReference; lastKnownFileType = wrapper.xcdatamodel; path = tipCalculator.xcdatamodel; sourceTree = "<group>"; };
		977C4D76194028A20030BE33 /* Images.xcassets */ = {isa = PBXFileReference; lastKnownFileType = folder.assetcatalog; path = Images.xcassets; sourceTree = "<group>"; };
		977C4D7C194028A20030BE33 /* tipCalculatorTests.xctest */ = {isa = PBXFileReference; explicitFileType = wrapper.cfbundle; includeInIndex = 0; path = tipCalculatorTests.xctest; sourceTree = BUILT_PRODUCTS_DIR; };
		977C4D7D194028A20030BE33 /* XCTest.framework */ = {isa = PBXFileReference; lastKnownFileType = wrapper.framework; name = XCTest.framework; path = Library/Frameworks/XCTest.framework; sourceTree = DEVELOPER_DIR; };
		977C4D86194028A30030BE33 /* tipCalculatorTests-Info.plist */ = {isa = PBXFileReference; lastKnownFileType = text.plist.xml; path = "tipCalculatorTests-Info.plist"; sourceTree = "<group>"; };
		977C4D88194028A30030BE33 /* en */ = {isa = PBXFileReference; lastKnownFileType = text.plist.strings; name = en; path = en.lproj/InfoPlist.strings; sourceTree = "<group>"; };
		977C4D8A194028A30030BE33 /* tipCalculatorTests.m */ = {isa = PBXFileReference; lastKnownFileType = sourcecode.c.objc; path = tipCalculatorTests.m; sourceTree = "<group>"; };
		977C4D941940292C0030BE33 /* TipViewController.h */ = {isa = PBXFileReference; fileEncoding = 4; lastKnownFileType = sourcecode.c.h; path = TipViewController.h; sourceTree = "<group>"; };
		977C4D951940292C0030BE33 /* TipViewController.m */ = {isa = PBXFileReference; fileEncoding = 4; lastKnownFileType = sourcecode.c.objc; path = TipViewController.m; sourceTree = "<group>"; };
		977C4D961940292C0030BE33 /* TipViewController.xib */ = {isa = PBXFileReference; fileEncoding = 4; lastKnownFileType = file.xib; path = TipViewController.xib; sourceTree = "<group>"; };
		977C4D99194039E00030BE33 /* SettingsViewController.h */ = {isa = PBXFileReference; fileEncoding = 4; lastKnownFileType = sourcecode.c.h; path = SettingsViewController.h; sourceTree = "<group>"; };
		977C4D9A194039E00030BE33 /* SettingsViewController.m */ = {isa = PBXFileReference; fileEncoding = 4; lastKnownFileType = sourcecode.c.objc; path = SettingsViewController.m; sourceTree = "<group>"; };
		977C4D9B194039E00030BE33 /* SettingsViewController.xib */ = {isa = PBXFileReference; fileEncoding = 4; lastKnownFileType = file.xib; path = SettingsViewController.xib; sourceTree = "<group>"; };
/* End PBXFileReference section */

/* Begin PBXFrameworksBuildPhase section */
		977C4D59194028A20030BE33 /* Frameworks */ = {
			isa = PBXFrameworksBuildPhase;
			buildActionMask = 2147483647;
			files = (
				977C4D62194028A20030BE33 /* CoreGraphics.framework in Frameworks */,
				977C4D66194028A20030BE33 /* CoreData.framework in Frameworks */,
				977C4D64194028A20030BE33 /* UIKit.framework in Frameworks */,
				977C4D60194028A20030BE33 /* Foundation.framework in Frameworks */,
			);
			runOnlyForDeploymentPostprocessing = 0;
		};
		977C4D79194028A20030BE33 /* Frameworks */ = {
			isa = PBXFrameworksBuildPhase;
			buildActionMask = 2147483647;
			files = (
				977C4D7E194028A20030BE33 /* XCTest.framework in Frameworks */,
				977C4D81194028A30030BE33 /* CoreData.framework in Frameworks */,
				977C4D80194028A20030BE33 /* UIKit.framework in Frameworks */,
				977C4D7F194028A20030BE33 /* Foundation.framework in Frameworks */,
			);
			runOnlyForDeploymentPostprocessing = 0;
		};
/* End PBXFrameworksBuildPhase section */

/* Begin PBXGroup section */
		977C4D53194028A20030BE33 = {
			isa = PBXGroup;
			children = (
				977C4D67194028A20030BE33 /* tipCalculator */,
				977C4D84194028A30030BE33 /* tipCalculatorTests */,
				977C4D5E194028A20030BE33 /* Frameworks */,
				977C4D5D194028A20030BE33 /* Products */,
			);
			sourceTree = "<group>";
		};
		977C4D5D194028A20030BE33 /* Products */ = {
			isa = PBXGroup;
			children = (
				977C4D5C194028A20030BE33 /* tipCalculator.app */,
				977C4D7C194028A20030BE33 /* tipCalculatorTests.xctest */,
			);
			name = Products;
			sourceTree = "<group>";
		};
		977C4D5E194028A20030BE33 /* Frameworks */ = {
			isa = PBXGroup;
			children = (
				977C4D5F194028A20030BE33 /* Foundation.framework */,
				977C4D61194028A20030BE33 /* CoreGraphics.framework */,
				977C4D63194028A20030BE33 /* UIKit.framework */,
				977C4D65194028A20030BE33 /* CoreData.framework */,
				977C4D7D194028A20030BE33 /* XCTest.framework */,
			);
			name = Frameworks;
			sourceTree = "<group>";
		};
		977C4D67194028A20030BE33 /* tipCalculator */ = {
			isa = PBXGroup;
			children = (
				977C4D70194028A20030BE33 /* AppDelegate.h */,
				977C4D71194028A20030BE33 /* AppDelegate.m */,
				977C4D76194028A20030BE33 /* Images.xcassets */,
				977C4D73194028A20030BE33 /* tipCalculator.xcdatamodeld */,
				977C4D68194028A20030BE33 /* Supporting Files */,
				977C4D941940292C0030BE33 /* TipViewController.h */,
				977C4D951940292C0030BE33 /* TipViewController.m */,
				977C4D961940292C0030BE33 /* TipViewController.xib */,
				977C4D99194039E00030BE33 /* SettingsViewController.h */,
				977C4D9A194039E00030BE33 /* SettingsViewController.m */,
				977C4D9B194039E00030BE33 /* SettingsViewController.xib */,
			);
			path = tipCalculator;
			sourceTree = "<group>";
		};
		977C4D68194028A20030BE33 /* Supporting Files */ = {
			isa = PBXGroup;
			children = (
				977C4D69194028A20030BE33 /* tipCalculator-Info.plist */,
				977C4D6A194028A20030BE33 /* InfoPlist.strings */,
				977C4D6D194028A20030BE33 /* main.m */,
				977C4D6F194028A20030BE33 /* tipCalculator-Prefix.pch */,
			);
			name = "Supporting Files";
			sourceTree = "<group>";
		};
		977C4D84194028A30030BE33 /* tipCalculatorTests */ = {
			isa = PBXGroup;
			children = (
				977C4D8A194028A30030BE33 /* tipCalculatorTests.m */,
				977C4D85194028A30030BE33 /* Supporting Files */,
			);
			path = tipCalculatorTests;
			sourceTree = "<group>";
		};
		977C4D85194028A30030BE33 /* Supporting Files */ = {
			isa = PBXGroup;
			children = (
				977C4D86194028A30030BE33 /* tipCalculatorTests-Info.plist */,
				977C4D87194028A30030BE33 /* InfoPlist.strings */,
			);
			name = "Supporting Files";
			sourceTree = "<group>";
		};
/* End PBXGroup section */

/* Begin PBXNativeTarget section */
		977C4D5B194028A20030BE33 /* tipCalculator */ = {
			isa = PBXNativeTarget;
			buildConfigurationList = 977C4D8E194028A30030BE33 /* Build configuration list for PBXNativeTarget "tipCalculator" */;
			buildPhases = (
				977C4D58194028A20030BE33 /* Sources */,
				977C4D59194028A20030BE33 /* Frameworks */,
				977C4D5A194028A20030BE33 /* Resources */,
			);
			buildRules = (
			);
			dependencies = (
			);
			name = tipCalculator;
			productName = tipCalculator;
			productReference = 977C4D5C194028A20030BE33 /* tipCalculator.app */;
			productType = "com.apple.product-type.application";
		};
		977C4D7B194028A20030BE33 /* tipCalculatorTests */ = {
			isa = PBXNativeTarget;
			buildConfigurationList = 977C4D91194028A30030BE33 /* Build configuration list for PBXNativeTarget "tipCalculatorTests" */;
			buildPhases = (
				977C4D78194028A20030BE33 /* Sources */,
				977C4D79194028A20030BE33 /* Frameworks */,
				977C4D7A194028A20030BE33 /* Resources */,
			);
			buildRules = (
			);
			dependencies = (
				977C4D83194028A30030BE33 /* PBXTargetDependency */,
			);
			name = tipCalculatorTests;
			productName = tipCalculatorTests;
			productReference = 977C4D7C194028A20030BE33 /* tipCalculatorTests.xctest */;
			productType = "com.apple.product-type.bundle.unit-test";
		};
/* End PBXNativeTarget section */

/* Begin PBXProject section */
		977C4D54194028A20030BE33 /* Project object */ = {
			isa = PBXProject;
			attributes = {
				LastUpgradeCheck = 0510;
				ORGANIZATIONNAME = stephanimoroni;
				TargetAttributes = {
					977C4D7B194028A20030BE33 = {
						TestTargetID = 977C4D5B194028A20030BE33;
					};
				};
			};
			buildConfigurationList = 977C4D57194028A20030BE33 /* Build configuration list for PBXProject "tipCalculator" */;
			compatibilityVersion = "Xcode 3.2";
			developmentRegion = English;
			hasScannedForEncodings = 0;
			knownRegions = (
				en,
			);
			mainGroup = 977C4D53194028A20030BE33;
			productRefGroup = 977C4D5D194028A20030BE33 /* Products */;
			projectDirPath = "";
			projectRoot = "";
			targets = (
				977C4D5B194028A20030BE33 /* tipCalculator */,
				977C4D7B194028A20030BE33 /* tipCalculatorTests */,
			);
		};
/* End PBXProject section */

/* Begin PBXResourcesBuildPhase section */
		977C4D5A194028A20030BE33 /* Resources */ = {
			isa = PBXResourcesBuildPhase;
			buildActionMask = 2147483647;
			files = (
				977C4D981940292C0030BE33 /* TipViewController.xib in Resources */,
				977C4D6C194028A20030BE33 /* InfoPlist.strings in Resources */,
				977C4D77194028A20030BE33 /* Images.xcassets in Resources */,
				977C4D9D194039E00030BE33 /* SettingsViewController.xib in Resources */,
			);
			runOnlyForDeploymentPostprocessing = 0;
		};
		977C4D7A194028A20030BE33 /* Resources */ = {
			isa = PBXResourcesBuildPhase;
			buildActionMask = 2147483647;
			files = (
				977C4D89194028A30030BE33 /* InfoPlist.strings in Resources */,
			);
			runOnlyForDeploymentPostprocessing = 0;
		};
/* End PBXResourcesBuildPhase section */

/* Begin PBXSourcesBuildPhase section */
		977C4D58194028A20030BE33 /* Sources */ = {
			isa = PBXSourcesBuildPhase;
			buildActionMask = 2147483647;
			files = (
				977C4D72194028A20030BE33 /* AppDelegate.m in Sources */,
				977C4D75194028A20030BE33 /* tipCalculator.xcdatamodeld in Sources */,
				977C4D9C194039E00030BE33 /* SettingsViewController.m in Sources */,
				977C4D971940292C0030BE33 /* TipViewController.m in Sources */,
				977C4D6E194028A20030BE33 /* main.m in Sources */,
			);
			runOnlyForDeploymentPostprocessing = 0;
		};
		977C4D78194028A20030BE33 /* Sources */ = {
			isa = PBXSourcesBuildPhase;
			buildActionMask = 2147483647;
			files = (
				977C4D8B194028A30030BE33 /* tipCalculatorTests.m in Sources */,
			);
			runOnlyForDeploymentPostprocessing = 0;
		};
/* End PBXSourcesBuildPhase section */

/* Begin PBXTargetDependency section */
		977C4D83194028A30030BE33 /* PBXTargetDependency */ = {
			isa = PBXTargetDependency;
			target = 977C4D5B194028A20030BE33 /* tipCalculator */;
			targetProxy = 977C4D82194028A30030BE33 /* PBXContainerItemProxy */;
		};
/* End PBXTargetDependency section */

/* Begin PBXVariantGroup section */
		977C4D6A194028A20030BE33 /* InfoPlist.strings */ = {
			isa = PBXVariantGroup;
			children = (
				977C4D6B194028A20030BE33 /* en */,
			);
			name = InfoPlist.strings;
			sourceTree = "<group>";
		};
		977C4D87194028A30030BE33 /* InfoPlist.strings */ = {
			isa = PBXVariantGroup;
			children = (
				977C4D88194028A30030BE33 /* en */,
			);
			name = InfoPlist.strings;
			sourceTree = "<group>";
		};
/* End PBXVariantGroup section */

/* Begin XCBuildConfiguration section */
		977C4D8C194028A30030BE33 /* Debug */ = {
			isa = XCBuildConfiguration;
			buildSettings = {
				ALWAYS_SEARCH_USER_PATHS = NO;
				CLANG_CXX_LANGUAGE_STANDARD = "gnu++0x";
				CLANG_CXX_LIBRARY = "libc++";
				CLANG_ENABLE_MODULES = YES;
				CLANG_ENABLE_OBJC_ARC = YES;
				CLANG_WARN_BOOL_CONVERSION = YES;
				CLANG_WARN_CONSTANT_CONVERSION = YES;
				CLANG_WARN_DIRECT_OBJC_ISA_USAGE = YES_ERROR;
				CLANG_WARN_EMPTY_BODY = YES;
				CLANG_WARN_ENUM_CONVERSION = YES;
				CLANG_WARN_INT_CONVERSION = YES;
				CLANG_WARN_OBJC_ROOT_CLASS = YES_ERROR;
				CLANG_WARN__DUPLICATE_METHOD_MATCH = YES;
				"CODE_SIGN_IDENTITY[sdk=iphoneos*]" = "iPhone Developer";
				COPY_PHASE_STRIP = NO;
				GCC_C_LANGUAGE_STANDARD = gnu99;
				GCC_DYNAMIC_NO_PIC = NO;
				GCC_OPTIMIZATION_LEVEL = 0;
				GCC_PREPROCESSOR_DEFINITIONS = (
					"DEBUG=1",
					"$(inherited)",
				);
				GCC_SYMBOLS_PRIVATE_EXTERN = NO;
				GCC_WARN_64_TO_32_BIT_CONVERSION = YES;
				GCC_WARN_ABOUT_RETURN_TYPE = YES_ERROR;
				GCC_WARN_UNDECLARED_SELECTOR = YES;
				GCC_WARN_UNINITIALIZED_AUTOS = YES_AGGRESSIVE;
				GCC_WARN_UNUSED_FUNCTION = YES;
				GCC_WARN_UNUSED_VARIABLE = YES;
				IPHONEOS_DEPLOYMENT_TARGET = 7.1;
				ONLY_ACTIVE_ARCH = YES;
				SDKROOT = iphoneos;
			};
			name = Debug;
		};
		977C4D8D194028A30030BE33 /* Release */ = {
			isa = XCBuildConfiguration;
			buildSettings = {
				ALWAYS_SEARCH_USER_PATHS = NO;
				CLANG_CXX_LANGUAGE_STANDARD = "gnu++0x";
				CLANG_CXX_LIBRARY = "libc++";
				CLANG_ENABLE_MODULES = YES;
				CLANG_ENABLE_OBJC_ARC = YES;
				CLANG_WARN_BOOL_CONVERSION = YES;
				CLANG_WARN_CONSTANT_CONVERSION = YES;
				CLANG_WARN_DIRECT_OBJC_ISA_USAGE = YES_ERROR;
				CLANG_WARN_EMPTY_BODY = YES;
				CLANG_WARN_ENUM_CONVERSION = YES;
				CLANG_WARN_INT_CONVERSION = YES;
				CLANG_WARN_OBJC_ROOT_CLASS = YES_ERROR;
				CLANG_WARN__DUPLICATE_METHOD_MATCH = YES;
				"CODE_SIGN_IDENTITY[sdk=iphoneos*]" = "iPhone Developer";
				COPY_PHASE_STRIP = YES;
				ENABLE_NS_ASSERTIONS = NO;
				GCC_C_LANGUAGE_STANDARD = gnu99;
				GCC_WARN_64_TO_32_BIT_CONVERSION = YES;
				GCC_WARN_ABOUT_RETURN_TYPE = YES_ERROR;
				GCC_WARN_UNDECLARED_SELECTOR = YES;
				GCC_WARN_UNINITIALIZED_AUTOS = YES_AGGRESSIVE;
				GCC_WARN_UNUSED_FUNCTION = YES;
				GCC_WARN_UNUSED_VARIABLE = YES;
				IPHONEOS_DEPLOYMENT_TARGET = 7.1;
				SDKROOT = iphoneos;
				VALIDATE_PRODUCT = YES;
			};
			name = Release;
		};
		977C4D8F194028A30030BE33 /* Debug */ = {
			isa = XCBuildConfiguration;
			buildSettings = {
				ASSETCATALOG_COMPILER_APPICON_NAME = AppIcon;
				ASSETCATALOG_COMPILER_LAUNCHIMAGE_NAME = LaunchImage;
				GCC_PRECOMPILE_PREFIX_HEADER = YES;
				GCC_PREFIX_HEADER = "tipCalculator/tipCalculator-Prefix.pch";
				INFOPLIST_FILE = "tipCalculator/tipCalculator-Info.plist";
				IPHONEOS_DEPLOYMENT_TARGET = 6.0;
				PRODUCT_NAME = "$(TARGET_NAME)";
				WRAPPER_EXTENSION = app;
			};
			name = Debug;
		};
		977C4D90194028A30030BE33 /* Release */ = {
			isa = XCBuildConfiguration;
			buildSettings = {
				ASSETCATALOG_COMPILER_APPICON_NAME = AppIcon;
				ASSETCATALOG_COMPILER_LAUNCHIMAGE_NAME = LaunchImage;
				GCC_PRECOMPILE_PREFIX_HEADER = YES;
				GCC_PREFIX_HEADER = "tipCalculator/tipCalculator-Prefix.pch";
				INFOPLIST_FILE = "tipCalculator/tipCalculator-Info.plist";
				IPHONEOS_DEPLOYMENT_TARGET = 6.0;
				PRODUCT_NAME = "$(TARGET_NAME)";
				WRAPPER_EXTENSION = app;
			};
			name = Release;
		};
		977C4D92194028A30030BE33 /* Debug */ = {
			isa = XCBuildConfiguration;
			buildSettings = {
				BUNDLE_LOADER = "$(BUILT_PRODUCTS_DIR)/tipCalculator.app/tipCalculator";
				FRAMEWORK_SEARCH_PATHS = (
					"$(SDKROOT)/Developer/Library/Frameworks",
					"$(inherited)",
					"$(DEVELOPER_FRAMEWORKS_DIR)",
				);
				GCC_PRECOMPILE_PREFIX_HEADER = YES;
				GCC_PREFIX_HEADER = "tipCalculator/tipCalculator-Prefix.pch";
				GCC_PREPROCESSOR_DEFINITIONS = (
					"DEBUG=1",
					"$(inherited)",
				);
				INFOPLIST_FILE = "tipCalculatorTests/tipCalculatorTests-Info.plist";
				PRODUCT_NAME = "$(TARGET_NAME)";
				TEST_HOST = "$(BUNDLE_LOADER)";
				WRAPPER_EXTENSION = xctest;
			};
			name = Debug;
		};
		977C4D93194028A30030BE33 /* Release */ = {
			isa = XCBuildConfiguration;
			buildSettings = {
				BUNDLE_LOADER = "$(BUILT_PRODUCTS_DIR)/tipCalculator.app/tipCalculator";
				FRAMEWORK_SEARCH_PATHS = (
					"$(SDKROOT)/Developer/Library/Frameworks",
					"$(inherited)",
					"$(DEVELOPER_FRAMEWORKS_DIR)",
				);
				GCC_PRECOMPILE_PREFIX_HEADER = YES;
				GCC_PREFIX_HEADER = "tipCalculator/tipCalculator-Prefix.pch";
				INFOPLIST_FILE = "tipCalculatorTests/tipCalculatorTests-Info.plist";
				PRODUCT_NAME = "$(TARGET_NAME)";
				TEST_HOST = "$(BUNDLE_LOADER)";
				WRAPPER_EXTENSION = xctest;
			};
			name = Release;
		};
/* End XCBuildConfiguration section */

/* Begin XCConfigurationList section */
		977C4D57194028A20030BE33 /* Build configuration list for PBXProject "tipCalculator" */ = {
			isa = XCConfigurationList;
			buildConfigurations = (
				977C4D8C194028A30030BE33 /* Debug */,
				977C4D8D194028A30030BE33 /* Release */,
			);
			defaultConfigurationIsVisible = 0;
			defaultConfigurationName = Release;
		};
		977C4D8E194028A30030BE33 /* Build configuration list for PBXNativeTarget "tipCalculator" */ = {
			isa = XCConfigurationList;
			buildConfigurations = (
				977C4D8F194028A30030BE33 /* Debug */,
				977C4D90194028A30030BE33 /* Release */,
			);
			defaultConfigurationIsVisible = 0;
		};
		977C4D91194028A30030BE33 /* Build configuration list for PBXNativeTarget "tipCalculatorTests" */ = {
			isa = XCConfigurationList;
			buildConfigurations = (
				977C4D92194028A30030BE33 /* Debug */,
				977C4D93194028A30030BE33 /* Release */,
			);
			defaultConfigurationIsVisible = 0;
		};
/* End XCConfigurationList section */

/* Begin XCVersionGroup section */
		977C4D73194028A20030BE33 /* tipCalculator.xcdatamodeld */ = {
			isa = XCVersionGroup;
			children = (
				977C4D74194028A20030BE33 /* tipCalculator.xcdatamodel */,
			);
			currentVersion = 977C4D74194028A20030BE33 /* tipCalculator.xcdatamodel */;
			path = tipCalculator.xcdatamodeld;
			sourceTree = "<group>";
			versionGroupType = wrapper.xcdatamodel;
		};
/* End XCVersionGroup section */
	};
	rootObject = 977C4D54194028A20030BE33 /* Project object */;
}
